
Microsoft Visual Studio Solution File, Format Version 12.00
# Visual Studio Version 16
VisualStudioVersion = 16.0.29318.209
MinimumVisualStudioVersion = 10.0.40219.1
Project("{9A19103F-16F7-4668-BE54-9A1E7A4F7556}") = "Sample", "sample\Sample.csproj", "{E75EECDA-E740-454B-BA83-7B7AC0D9E0A9}"
EndProject
Project("{9A19103F-16F7-4668-BE54-9A1E7A4F7556}") = "uController", "src\uController\uController.csproj", "{57549041-6101-4D98-AA83-E4856CCBCA71}"
EndProject
Project("{9A19103F-16F7-4668-BE54-9A1E7A4F7556}") = "uController.Runtime", "src\uController.Runtime\uController.Runtime.csproj", "{5DC5B598-5F46-47D7-A2FC-49E36A6873CD}"
EndProject
Project("{9A19103F-16F7-4668-BE54-9A1E7A4F7556}") = "uController.SourceGenerator", "src\uController.SourceGenerator\uController.SourceGenerator.csproj", "{045C64E7-5639-4ECD-BEE3-57597E7CF77E}"
EndProject
Project("{2150E333-8FDC-42A3-9474-1A3956D46DE8}") = "src", "src", "{9AC9FBC2-655D-4D1C-B3B0-8429140C1125}"
EndProject
Project("{2150E333-8FDC-42A3-9474-1A3956D46DE8}") = "samples", "samples", "{37EABDC7-EC04-40DB-AADB-73232A885C63}"
EndProject
Global
	GlobalSection(SolutionConfigurationPlatforms) = preSolution
		Debug|Any CPU = Debug|Any CPU
		Release|Any CPU = Release|Any CPU
	EndGlobalSection
	GlobalSection(ProjectConfigurationPlatforms) = postSolution
		{E75EECDA-E740-454B-BA83-7B7AC0D9E0A9}.Debug|Any CPU.ActiveCfg = Debug|Any CPU
		{E75EECDA-E740-454B-BA83-7B7AC0D9E0A9}.Debug|Any CPU.Build.0 = Debug|Any CPU
		{E75EECDA-E740-454B-BA83-7B7AC0D9E0A9}.Release|Any CPU.ActiveCfg = Release|Any CPU
		{E75EECDA-E740-454B-BA83-7B7AC0D9E0A9}.Release|Any CPU.Build.0 = Release|Any CPU
		{57549041-6101-4D98-AA83-E4856CCBCA71}.Debug|Any CPU.ActiveCfg = Debug|Any CPU
		{57549041-6101-4D98-AA83-E4856CCBCA71}.Debug|Any CPU.Build.0 = Debug|Any CPU
		{57549041-6101-4D98-AA83-E4856CCBCA71}.Release|Any CPU.ActiveCfg = Release|Any CPU
		{57549041-6101-4D98-AA83-E4856CCBCA71}.Release|Any CPU.Build.0 = Release|Any CPU
		{5DC5B598-5F46-47D7-A2FC-49E36A6873CD}.Debug|Any CPU.ActiveCfg = Debug|Any CPU
		{5DC5B598-5F46-47D7-A2FC-49E36A6873CD}.Debug|Any CPU.Build.0 = Debug|Any CPU
		{5DC5B598-5F46-47D7-A2FC-49E36A6873CD}.Release|Any CPU.ActiveCfg = Release|Any CPU
		{5DC5B598-5F46-47D7-A2FC-49E36A6873CD}.Release|Any CPU.Build.0 = Release|Any CPU
		{045C64E7-5639-4ECD-BEE3-57597E7CF77E}.Debug|Any CPU.ActiveCfg = Debug|Any CPU
		{045C64E7-5639-4ECD-BEE3-57597E7CF77E}.Debug|Any CPU.Build.0 = Debug|Any CPU
		{045C64E7-5639-4ECD-BEE3-57597E7CF77E}.Release|Any CPU.ActiveCfg = Release|Any CPU
		{045C64E7-5639-4ECD-BEE3-57597E7CF77E}.Release|Any CPU.Build.0 = Release|Any CPU
	EndGlobalSection
	GlobalSection(SolutionProperties) = preSolution
		HideSolutionNode = FALSE
	EndGlobalSection
	GlobalSection(NestedProjects) = preSolution
		{E75EECDA-E740-454B-BA83-7B7AC0D9E0A9} = {37EABDC7-EC04-40DB-AADB-73232A885C63}
		{57549041-6101-4D98-AA83-E4856CCBCA71} = {9AC9FBC2-655D-4D1C-B3B0-8429140C1125}
		{5DC5B598-5F46-47D7-A2FC-49E36A6873CD} = {9AC9FBC2-655D-4D1C-B3B0-8429140C1125}
		{045C64E7-5639-4ECD-BEE3-57597E7CF77E} = {9AC9FBC2-655D-4D1C-B3B0-8429140C1125}
	EndGlobalSection
	GlobalSection(ExtensibilityGlobals) = postSolution
		SolutionGuid = {2D65BA78-C9A7-43A5-91EC-5237C4B9E5C4}
	EndGlobalSection
EndGlobal
